// !$*UTF8*$!
{
	archiveVersion = 1;
	classes = {
	};
	objectVersion = 56;
	objects = {

/* Begin PBXBuildFile section */
		363D68BD2A6575780035C4E4 /* PopularMoviesTCAApp.swift in Sources */ = {isa = PBXBuildFile; fileRef = 363D68BC2A6575780035C4E4 /* PopularMoviesTCAApp.swift */; };
		363D68BF2A6575780035C4E4 /* MoviesListView.swift in Sources */ = {isa = PBXBuildFile; fileRef = 363D68BE2A6575780035C4E4 /* MoviesListView.swift */; };
		363D68C12A6575790035C4E4 /* Assets.xcassets in Resources */ = {isa = PBXBuildFile; fileRef = 363D68C02A6575790035C4E4 /* Assets.xcassets */; };
		363D68C42A6575790035C4E4 /* Preview Assets.xcassets in Resources */ = {isa = PBXBuildFile; fileRef = 363D68C32A6575790035C4E4 /* Preview Assets.xcassets */; };
		363D68CE2A6575790035C4E4 /* PopularMoviesTCATests.swift in Sources */ = {isa = PBXBuildFile; fileRef = 363D68CD2A6575790035C4E4 /* PopularMoviesTCATests.swift */; };
		363D68D82A6575790035C4E4 /* PopularMoviesTCAUITests.swift in Sources */ = {isa = PBXBuildFile; fileRef = 363D68D72A6575790035C4E4 /* PopularMoviesTCAUITests.swift */; };
		363D68DA2A6575790035C4E4 /* PopularMoviesTCAUITestsLaunchTests.swift in Sources */ = {isa = PBXBuildFile; fileRef = 363D68D92A6575790035C4E4 /* PopularMoviesTCAUITestsLaunchTests.swift */; };
		363D68E82A6577300035C4E4 /* ComposableArchitecture in Frameworks */ = {isa = PBXBuildFile; productRef = 363D68E72A6577300035C4E4 /* ComposableArchitecture */; };
		363D68EA2A657A030035C4E4 /* MoviesClient.swift in Sources */ = {isa = PBXBuildFile; fileRef = 363D68E92A657A030035C4E4 /* MoviesClient.swift */; };
		363D68EC2A657BA30035C4E4 /* Secrets.xcconfig in Resources */ = {isa = PBXBuildFile; fileRef = 363D68EB2A657BA30035C4E4 /* Secrets.xcconfig */; };
/* End PBXBuildFile section */

/* Begin PBXContainerItemProxy section */
		363D68CA2A6575790035C4E4 /* PBXContainerItemProxy */ = {
			isa = PBXContainerItemProxy;
			containerPortal = 363D68B12A6575780035C4E4 /* Project object */;
			proxyType = 1;
			remoteGlobalIDString = 363D68B82A6575780035C4E4;
			remoteInfo = PopularMoviesTCA;
		};
		363D68D42A6575790035C4E4 /* PBXContainerItemProxy */ = {
			isa = PBXContainerItemProxy;
			containerPortal = 363D68B12A6575780035C4E4 /* Project object */;
			proxyType = 1;
			remoteGlobalIDString = 363D68B82A6575780035C4E4;
			remoteInfo = PopularMoviesTCA;
		};
/* End PBXContainerItemProxy section */

/* Begin PBXFileReference section */
		363D68B92A6575780035C4E4 /* PopularMoviesTCA.app */ = {isa = PBXFileReference; explicitFileType = wrapper.application; includeInIndex = 0; path = PopularMoviesTCA.app; sourceTree = BUILT_PRODUCTS_DIR; };
		363D68BC2A6575780035C4E4 /* PopularMoviesTCAApp.swift */ = {isa = PBXFileReference; lastKnownFileType = sourcecode.swift; path = PopularMoviesTCAApp.swift; sourceTree = "<group>"; };
		363D68BE2A6575780035C4E4 /* MoviesListView.swift */ = {isa = PBXFileReference; lastKnownFileType = sourcecode.swift; path = MoviesListView.swift; sourceTree = "<group>"; };
		363D68C02A6575790035C4E4 /* Assets.xcassets */ = {isa = PBXFileReference; lastKnownFileType = folder.assetcatalog; path = Assets.xcassets; sourceTree = "<group>"; };
		363D68C32A6575790035C4E4 /* Preview Assets.xcassets */ = {isa = PBXFileReference; lastKnownFileType = folder.assetcatalog; path = "Preview Assets.xcassets"; sourceTree = "<group>"; };
		363D68C92A6575790035C4E4 /* PopularMoviesTCATests.xctest */ = {isa = PBXFileReference; explicitFileType = wrapper.cfbundle; includeInIndex = 0; path = PopularMoviesTCATests.xctest; sourceTree = BUILT_PRODUCTS_DIR; };
		363D68CD2A6575790035C4E4 /* PopularMoviesTCATests.swift */ = {isa = PBXFileReference; lastKnownFileType = sourcecode.swift; path = PopularMoviesTCATests.swift; sourceTree = "<group>"; };
		363D68D32A6575790035C4E4 /* PopularMoviesTCAUITests.xctest */ = {isa = PBXFileReference; explicitFileType = wrapper.cfbundle; includeInIndex = 0; path = PopularMoviesTCAUITests.xctest; sourceTree = BUILT_PRODUCTS_DIR; };
		363D68D72A6575790035C4E4 /* PopularMoviesTCAUITests.swift */ = {isa = PBXFileReference; lastKnownFileType = sourcecode.swift; path = PopularMoviesTCAUITests.swift; sourceTree = "<group>"; };
		363D68D92A6575790035C4E4 /* PopularMoviesTCAUITestsLaunchTests.swift */ = {isa = PBXFileReference; lastKnownFileType = sourcecode.swift; path = PopularMoviesTCAUITestsLaunchTests.swift; sourceTree = "<group>"; };
		363D68E92A657A030035C4E4 /* MoviesClient.swift */ = {isa = PBXFileReference; lastKnownFileType = sourcecode.swift; path = MoviesClient.swift; sourceTree = "<group>"; };
		363D68EB2A657BA30035C4E4 /* Secrets.xcconfig */ = {isa = PBXFileReference; lastKnownFileType = text.xcconfig; path = Secrets.xcconfig; sourceTree = "<group>"; };
		363D68ED2A657BFD0035C4E4 /* Info.plist */ = {isa = PBXFileReference; lastKnownFileType = text.plist; path = Info.plist; sourceTree = "<group>"; };
/* End PBXFileReference section */

/* Begin PBXFrameworksBuildPhase section */
		363D68B62A6575780035C4E4 /* Frameworks */ = {
			isa = PBXFrameworksBuildPhase;
			buildActionMask = 2147483647;
			files = (
				363D68E82A6577300035C4E4 /* ComposableArchitecture in Frameworks */,
			);
			runOnlyForDeploymentPostprocessing = 0;
		};
		363D68C62A6575790035C4E4 /* Frameworks */ = {
			isa = PBXFrameworksBuildPhase;
			buildActionMask = 2147483647;
			files = (
			);
			runOnlyForDeploymentPostprocessing = 0;
		};
		363D68D02A6575790035C4E4 /* Frameworks */ = {
			isa = PBXFrameworksBuildPhase;
			buildActionMask = 2147483647;
			files = (
			);
			runOnlyForDeploymentPostprocessing = 0;
		};
/* End PBXFrameworksBuildPhase section */

/* Begin PBXGroup section */
		363D68B02A6575780035C4E4 = {
			isa = PBXGroup;
			children = (
				363D68BB2A6575780035C4E4 /* PopularMoviesTCA */,
				363D68CC2A6575790035C4E4 /* PopularMoviesTCATests */,
				363D68D62A6575790035C4E4 /* PopularMoviesTCAUITests */,
				363D68BA2A6575780035C4E4 /* Products */,
			);
			sourceTree = "<group>";
		};
		363D68BA2A6575780035C4E4 /* Products */ = {
			isa = PBXGroup;
			children = (
				363D68B92A6575780035C4E4 /* PopularMoviesTCA.app */,
				363D68C92A6575790035C4E4 /* PopularMoviesTCATests.xctest */,
				363D68D32A6575790035C4E4 /* PopularMoviesTCAUITests.xctest */,
			);
			name = Products;
			sourceTree = "<group>";
		};
		363D68BB2A6575780035C4E4 /* PopularMoviesTCA */ = {
			isa = PBXGroup;
			children = (
				363D68ED2A657BFD0035C4E4 /* Info.plist */,
				363D68BC2A6575780035C4E4 /* PopularMoviesTCAApp.swift */,
				363D68BE2A6575780035C4E4 /* MoviesListView.swift */,
				363D68E92A657A030035C4E4 /* MoviesClient.swift */,
				363D68C02A6575790035C4E4 /* Assets.xcassets */,
				363D68C22A6575790035C4E4 /* Preview Content */,
				363D68EB2A657BA30035C4E4 /* Secrets.xcconfig */,
			);
			path = PopularMoviesTCA;
			sourceTree = "<group>";
		};
		363D68C22A6575790035C4E4 /* Preview Content */ = {
			isa = PBXGroup;
			children = (
				363D68C32A6575790035C4E4 /* Preview Assets.xcassets */,
			);
			path = "Preview Content";
			sourceTree = "<group>";
		};
		363D68CC2A6575790035C4E4 /* PopularMoviesTCATests */ = {
			isa = PBXGroup;
			children = (
				363D68CD2A6575790035C4E4 /* PopularMoviesTCATests.swift */,
			);
			path = PopularMoviesTCATests;
			sourceTree = "<group>";
		};
		363D68D62A6575790035C4E4 /* PopularMoviesTCAUITests */ = {
			isa = PBXGroup;
			children = (
				363D68D72A6575790035C4E4 /* PopularMoviesTCAUITests.swift */,
				363D68D92A6575790035C4E4 /* PopularMoviesTCAUITestsLaunchTests.swift */,
			);
			path = PopularMoviesTCAUITests;
			sourceTree = "<group>";
		};
/* End PBXGroup section */

/* Begin PBXNativeTarget section */
		363D68B82A6575780035C4E4 /* PopularMoviesTCA */ = {
			isa = PBXNativeTarget;
			buildConfigurationList = 363D68DD2A6575790035C4E4 /* Build configuration list for PBXNativeTarget "PopularMoviesTCA" */;
			buildPhases = (
				363D68B52A6575780035C4E4 /* Sources */,
				363D68B62A6575780035C4E4 /* Frameworks */,
				363D68B72A6575780035C4E4 /* Resources */,
			);
			buildRules = (
			);
			dependencies = (
			);
			name = PopularMoviesTCA;
			packageProductDependencies = (
				363D68E72A6577300035C4E4 /* ComposableArchitecture */,
			);
			productName = PopularMoviesTCA;
			productReference = 363D68B92A6575780035C4E4 /* PopularMoviesTCA.app */;
			productType = "com.apple.product-type.application";
		};
		363D68C82A6575790035C4E4 /* PopularMoviesTCATests */ = {
			isa = PBXNativeTarget;
			buildConfigurationList = 363D68E02A6575790035C4E4 /* Build configuration list for PBXNativeTarget "PopularMoviesTCATests" */;
			buildPhases = (
				363D68C52A6575790035C4E4 /* Sources */,
				363D68C62A6575790035C4E4 /* Frameworks */,
				363D68C72A6575790035C4E4 /* Resources */,
			);
			buildRules = (
			);
			dependencies = (
				363D68CB2A6575790035C4E4 /* PBXTargetDependency */,
			);
			name = PopularMoviesTCATests;
			productName = PopularMoviesTCATests;
			productReference = 363D68C92A6575790035C4E4 /* PopularMoviesTCATests.xctest */;
			productType = "com.apple.product-type.bundle.unit-test";
		};
		363D68D22A6575790035C4E4 /* PopularMoviesTCAUITests */ = {
			isa = PBXNativeTarget;
			buildConfigurationList = 363D68E32A6575790035C4E4 /* Build configuration list for PBXNativeTarget "PopularMoviesTCAUITests" */;
			buildPhases = (
				363D68CF2A6575790035C4E4 /* Sources */,
				363D68D02A6575790035C4E4 /* Frameworks */,
				363D68D12A6575790035C4E4 /* Resources */,
			);
			buildRules = (
			);
			dependencies = (
				363D68D52A6575790035C4E4 /* PBXTargetDependency */,
			);
			name = PopularMoviesTCAUITests;
			productName = PopularMoviesTCAUITests;
			productReference = 363D68D32A6575790035C4E4 /* PopularMoviesTCAUITests.xctest */;
			productType = "com.apple.product-type.bundle.ui-testing";
		};
/* End PBXNativeTarget section */

/* Begin PBXProject section */
		363D68B12A6575780035C4E4 /* Project object */ = {
			isa = PBXProject;
			attributes = {
				BuildIndependentTargetsInParallel = 1;
				LastSwiftUpdateCheck = 1430;
				LastUpgradeCheck = 1430;
				TargetAttributes = {
					363D68B82A6575780035C4E4 = {
						CreatedOnToolsVersion = 14.3.1;
					};
					363D68C82A6575790035C4E4 = {
						CreatedOnToolsVersion = 14.3.1;
						TestTargetID = 363D68B82A6575780035C4E4;
					};
					363D68D22A6575790035C4E4 = {
						CreatedOnToolsVersion = 14.3.1;
						TestTargetID = 363D68B82A6575780035C4E4;
					};
				};
			};
			buildConfigurationList = 363D68B42A6575780035C4E4 /* Build configuration list for PBXProject "PopularMoviesTCA" */;
			compatibilityVersion = "Xcode 14.0";
			developmentRegion = en;
			hasScannedForEncodings = 0;
			knownRegions = (
				en,
				Base,
			);
			mainGroup = 363D68B02A6575780035C4E4;
			packageReferences = (
				363D68E62A6577300035C4E4 /* XCRemoteSwiftPackageReference "swift-composable-architecture" */,
			);
			productRefGroup = 363D68BA2A6575780035C4E4 /* Products */;
			projectDirPath = "";
			projectRoot = "";
			targets = (
				363D68B82A6575780035C4E4 /* PopularMoviesTCA */,
				363D68C82A6575790035C4E4 /* PopularMoviesTCATests */,
				363D68D22A6575790035C4E4 /* PopularMoviesTCAUITests */,
			);
		};
/* End PBXProject section */

/* Begin PBXResourcesBuildPhase section */
		363D68B72A6575780035C4E4 /* Resources */ = {
			isa = PBXResourcesBuildPhase;
			buildActionMask = 2147483647;
			files = (
				363D68C42A6575790035C4E4 /* Preview Assets.xcassets in Resources */,
				363D68C12A6575790035C4E4 /* Assets.xcassets in Resources */,
				363D68EC2A657BA30035C4E4 /* Secrets.xcconfig in Resources */,
			);
			runOnlyForDeploymentPostprocessing = 0;
		};
		363D68C72A6575790035C4E4 /* Resources */ = {
			isa = PBXResourcesBuildPhase;
			buildActionMask = 2147483647;
			files = (
			);
			runOnlyForDeploymentPostprocessing = 0;
		};
		363D68D12A6575790035C4E4 /* Resources */ = {
			isa = PBXResourcesBuildPhase;
			buildActionMask = 2147483647;
			files = (
			);
			runOnlyForDeploymentPostprocessing = 0;
		};
/* End PBXResourcesBuildPhase section */

/* Begin PBXSourcesBuildPhase section */
		363D68B52A6575780035C4E4 /* Sources */ = {
			isa = PBXSourcesBuildPhase;
			buildActionMask = 2147483647;
			files = (
				363D68BF2A6575780035C4E4 /* MoviesListView.swift in Sources */,
				363D68BD2A6575780035C4E4 /* PopularMoviesTCAApp.swift in Sources */,
				363D68EA2A657A030035C4E4 /* MoviesClient.swift in Sources */,
			);
			runOnlyForDeploymentPostprocessing = 0;
		};
		363D68C52A6575790035C4E4 /* Sources */ = {
			isa = PBXSourcesBuildPhase;
			buildActionMask = 2147483647;
			files = (
				363D68CE2A6575790035C4E4 /* PopularMoviesTCATests.swift in Sources */,
			);
			runOnlyForDeploymentPostprocessing = 0;
		};
		363D68CF2A6575790035C4E4 /* Sources */ = {
			isa = PBXSourcesBuildPhase;
			buildActionMask = 2147483647;
			files = (
				363D68DA2A6575790035C4E4 /* PopularMoviesTCAUITestsLaunchTests.swift in Sources */,
				363D68D82A6575790035C4E4 /* PopularMoviesTCAUITests.swift in Sources */,
			);
			runOnlyForDeploymentPostprocessing = 0;
		};
/* End PBXSourcesBuildPhase section */

/* Begin PBXTargetDependency section */
		363D68CB2A6575790035C4E4 /* PBXTargetDependency */ = {
			isa = PBXTargetDependency;
			target = 363D68B82A6575780035C4E4 /* PopularMoviesTCA */;
			targetProxy = 363D68CA2A6575790035C4E4 /* PBXContainerItemProxy */;
		};
		363D68D52A6575790035C4E4 /* PBXTargetDependency */ = {
			isa = PBXTargetDependency;
			target = 363D68B82A6575780035C4E4 /* PopularMoviesTCA */;
			targetProxy = 363D68D42A6575790035C4E4 /* PBXContainerItemProxy */;
		};
/* End PBXTargetDependency section */

/* Begin XCBuildConfiguration section */
		363D68DB2A6575790035C4E4 /* Debug */ = {
			isa = XCBuildConfiguration;
			buildSettings = {
				ALWAYS_SEARCH_USER_PATHS = NO;
				CLANG_ANALYZER_NONNULL = YES;
				CLANG_ANALYZER_NUMBER_OBJECT_CONVERSION = YES_AGGRESSIVE;
				CLANG_CXX_LANGUAGE_STANDARD = "gnu++20";
				CLANG_ENABLE_MODULES = YES;
				CLANG_ENABLE_OBJC_ARC = YES;
				CLANG_ENABLE_OBJC_WEAK = YES;
				CLANG_WARN_BLOCK_CAPTURE_AUTORELEASING = YES;
				CLANG_WARN_BOOL_CONVERSION = YES;
				CLANG_WARN_COMMA = YES;
				CLANG_WARN_CONSTANT_CONVERSION = YES;
				CLANG_WARN_DEPRECATED_OBJC_IMPLEMENTATIONS = YES;
				CLANG_WARN_DIRECT_OBJC_ISA_USAGE = YES_ERROR;
				CLANG_WARN_DOCUMENTATION_COMMENTS = YES;
				CLANG_WARN_EMPTY_BODY = YES;
				CLANG_WARN_ENUM_CONVERSION = YES;
				CLANG_WARN_INFINITE_RECURSION = YES;
				CLANG_WARN_INT_CONVERSION = YES;
				CLANG_WARN_NON_LITERAL_NULL_CONVERSION = YES;
				CLANG_WARN_OBJC_IMPLICIT_RETAIN_SELF = YES;
				CLANG_WARN_OBJC_LITERAL_CONVERSION = YES;
				CLANG_WARN_OBJC_ROOT_CLASS = YES_ERROR;
				CLANG_WARN_QUOTED_INCLUDE_IN_FRAMEWORK_HEADER = YES;
				CLANG_WARN_RANGE_LOOP_ANALYSIS = YES;
				CLANG_WARN_STRICT_PROTOTYPES = YES;
				CLANG_WARN_SUSPICIOUS_MOVE = YES;
				CLANG_WARN_UNGUARDED_AVAILABILITY = YES_AGGRESSIVE;
				CLANG_WARN_UNREACHABLE_CODE = YES;
				CLANG_WARN__DUPLICATE_METHOD_MATCH = YES;
				COPY_PHASE_STRIP = NO;
				DEBUG_INFORMATION_FORMAT = dwarf;
				ENABLE_STRICT_OBJC_MSGSEND = YES;
				ENABLE_TESTABILITY = YES;
				GCC_C_LANGUAGE_STANDARD = gnu11;
				GCC_DYNAMIC_NO_PIC = NO;
				GCC_NO_COMMON_BLOCKS = YES;
				GCC_OPTIMIZATION_LEVEL = 0;
				GCC_PREPROCESSOR_DEFINITIONS = (
					"DEBUG=1",
					"$(inherited)",
				);
				GCC_WARN_64_TO_32_BIT_CONVERSION = YES;
				GCC_WARN_ABOUT_RETURN_TYPE = YES_ERROR;
				GCC_WARN_UNDECLARED_SELECTOR = YES;
				GCC_WARN_UNINITIALIZED_AUTOS = YES_AGGRESSIVE;
				GCC_WARN_UNUSED_FUNCTION = YES;
				GCC_WARN_UNUSED_VARIABLE = YES;
				IPHONEOS_DEPLOYMENT_TARGET = 16.4;
				MTL_ENABLE_DEBUG_INFO = INCLUDE_SOURCE;
				MTL_FAST_MATH = YES;
				ONLY_ACTIVE_ARCH = YES;
				SDKROOT = iphoneos;
				SWIFT_ACTIVE_COMPILATION_CONDITIONS = DEBUG;
				SWIFT_OPTIMIZATION_LEVEL = "-Onone";
			};
			name = Debug;
		};
		363D68DC2A6575790035C4E4 /* Release */ = {
			isa = XCBuildConfiguration;
			buildSettings = {
				ALWAYS_SEARCH_USER_PATHS = NO;
				CLANG_ANALYZER_NONNULL = YES;
				CLANG_ANALYZER_NUMBER_OBJECT_CONVERSION = YES_AGGRESSIVE;
				CLANG_CXX_LANGUAGE_STANDARD = "gnu++20";
				CLANG_ENABLE_MODULES = YES;
				CLANG_ENABLE_OBJC_ARC = YES;
				CLANG_ENABLE_OBJC_WEAK = YES;
				CLANG_WARN_BLOCK_CAPTURE_AUTORELEASING = YES;
				CLANG_WARN_BOOL_CONVERSION = YES;
				CLANG_WARN_COMMA = YES;
				CLANG_WARN_CONSTANT_CONVERSION = YES;
				CLANG_WARN_DEPRECATED_OBJC_IMPLEMENTATIONS = YES;
				CLANG_WARN_DIRECT_OBJC_ISA_USAGE = YES_ERROR;
				CLANG_WARN_DOCUMENTATION_COMMENTS = YES;
				CLANG_WARN_EMPTY_BODY = YES;
				CLANG_WARN_ENUM_CONVERSION = YES;
				CLANG_WARN_INFINITE_RECURSION = YES;
				CLANG_WARN_INT_CONVERSION = YES;
				CLANG_WARN_NON_LITERAL_NULL_CONVERSION = YES;
				CLANG_WARN_OBJC_IMPLICIT_RETAIN_SELF = YES;
				CLANG_WARN_OBJC_LITERAL_CONVERSION = YES;
				CLANG_WARN_OBJC_ROOT_CLASS = YES_ERROR;
				CLANG_WARN_QUOTED_INCLUDE_IN_FRAMEWORK_HEADER = YES;
				CLANG_WARN_RANGE_LOOP_ANALYSIS = YES;
				CLANG_WARN_STRICT_PROTOTYPES = YES;
				CLANG_WARN_SUSPICIOUS_MOVE = YES;
				CLANG_WARN_UNGUARDED_AVAILABILITY = YES_AGGRESSIVE;
				CLANG_WARN_UNREACHABLE_CODE = YES;
				CLANG_WARN__DUPLICATE_METHOD_MATCH = YES;
				COPY_PHASE_STRIP = NO;
				DEBUG_INFORMATION_FORMAT = "dwarf-with-dsym";
				ENABLE_NS_ASSERTIONS = NO;
				ENABLE_STRICT_OBJC_MSGSEND = YES;
				GCC_C_LANGUAGE_STANDARD = gnu11;
				GCC_NO_COMMON_BLOCKS = YES;
				GCC_WARN_64_TO_32_BIT_CONVERSION = YES;
				GCC_WARN_ABOUT_RETURN_TYPE = YES_ERROR;
				GCC_WARN_UNDECLARED_SELECTOR = YES;
				GCC_WARN_UNINITIALIZED_AUTOS = YES_AGGRESSIVE;
				GCC_WARN_UNUSED_FUNCTION = YES;
				GCC_WARN_UNUSED_VARIABLE = YES;
				IPHONEOS_DEPLOYMENT_TARGET = 16.4;
				MTL_ENABLE_DEBUG_INFO = NO;
				MTL_FAST_MATH = YES;
				SDKROOT = iphoneos;
				SWIFT_COMPILATION_MODE = wholemodule;
				SWIFT_OPTIMIZATION_LEVEL = "-O";
				VALIDATE_PRODUCT = YES;
			};
			name = Release;
		};
		363D68DE2A6575790035C4E4 /* Debug */ = {
			isa = XCBuildConfiguration;
			baseConfigurationReference = 363D68EB2A657BA30035C4E4 /* Secrets.xcconfig */;
			buildSettings = {
				ASSETCATALOG_COMPILER_APPICON_NAME = AppIcon;
				ASSETCATALOG_COMPILER_GLOBAL_ACCENT_COLOR_NAME = AccentColor;
				CODE_SIGN_STYLE = Automatic;
				CURRENT_PROJECT_VERSION = 1;
				DEVELOPMENT_ASSET_PATHS = "\"PopularMoviesTCA/Preview Content\"";
				ENABLE_PREVIEWS = YES;
				GENERATE_INFOPLIST_FILE = YES;
				INFOPLIST_FILE = PopularMoviesTCA/Info.plist;
				INFOPLIST_KEY_UIApplicationSceneManifest_Generation = YES;
				INFOPLIST_KEY_UIApplicationSupportsIndirectInputEvents = YES;
				INFOPLIST_KEY_UILaunchScreen_Generation = YES;
				INFOPLIST_KEY_UISupportedInterfaceOrientations_iPad = "UIInterfaceOrientationPortrait UIInterfaceOrientationPortraitUpsideDown UIInterfaceOrientationLandscapeLeft UIInterfaceOrientationLandscapeRight";
				INFOPLIST_KEY_UISupportedInterfaceOrientations_iPhone = "UIInterfaceOrientationPortrait UIInterfaceOrientationLandscapeLeft UIInterfaceOrientationLandscapeRight";
				LD_RUNPATH_SEARCH_PATHS = (
					"$(inherited)",
					"@executable_path/Frameworks",
				);
				MARKETING_VERSION = 1.0;
				PRODUCT_BUNDLE_IDENTIFIER = com.marcio.PopularMoviesTCA;
				PRODUCT_NAME = "$(TARGET_NAME)";
				SWIFT_EMIT_LOC_STRINGS = YES;
				SWIFT_VERSION = 5.0;
				TARGETED_DEVICE_FAMILY = "1,2";
			};
			name = Debug;
		};
		363D68DF2A6575790035C4E4 /* Release */ = {
			isa = XCBuildConfiguration;
			baseConfigurationReference = 363D68EB2A657BA30035C4E4 /* Secrets.xcconfig */;
			buildSettings = {
				ASSETCATALOG_COMPILER_APPICON_NAME = AppIcon;
				ASSETCATALOG_COMPILER_GLOBAL_ACCENT_COLOR_NAME = AccentColor;
				CODE_SIGN_STYLE = Automatic;
				CURRENT_PROJECT_VERSION = 1;
				DEVELOPMENT_ASSET_PATHS = "\"PopularMoviesTCA/Preview Content\"";
				ENABLE_PREVIEWS = YES;
				GENERATE_INFOPLIST_FILE = YES;
				INFOPLIST_FILE = PopularMoviesTCA/Info.plist;
				INFOPLIST_KEY_UIApplicationSceneManifest_Generation = YES;
				INFOPLIST_KEY_UIApplicationSupportsIndirectInputEvents = YES;
				INFOPLIST_KEY_UILaunchScreen_Generation = YES;
				INFOPLIST_KEY_UISupportedInterfaceOrientations_iPad = "UIInterfaceOrientationPortrait UIInterfaceOrientationPortraitUpsideDown UIInterfaceOrientationLandscapeLeft UIInterfaceOrientationLandscapeRight";
				INFOPLIST_KEY_UISupportedInterfaceOrientations_iPhone = "UIInterfaceOrientationPortrait UIInterfaceOrientationLandscapeLeft UIInterfaceOrientationLandscapeRight";
				LD_RUNPATH_SEARCH_PATHS = (
					"$(inherited)",
					"@executable_path/Frameworks",
				);
				MARKETING_VERSION = 1.0;
				PRODUCT_BUNDLE_IDENTIFIER = com.marcio.PopularMoviesTCA;
				PRODUCT_NAME = "$(TARGET_NAME)";
				SWIFT_EMIT_LOC_STRINGS = YES;
				SWIFT_VERSION = 5.0;
				TARGETED_DEVICE_FAMILY = "1,2";
			};
			name = Release;
		};
		363D68E12A6575790035C4E4 /* Debug */ = {
			isa = XCBuildConfiguration;
			buildSettings = {
				ALWAYS_EMBED_SWIFT_STANDARD_LIBRARIES = YES;
				BUNDLE_LOADER = "$(TEST_HOST)";
				CODE_SIGN_STYLE = Automatic;
				CURRENT_PROJECT_VERSION = 1;
				GENERATE_INFOPLIST_FILE = YES;
				IPHONEOS_DEPLOYMENT_TARGET = 16.4;
				MARKETING_VERSION = 1.0;
				PRODUCT_BUNDLE_IDENTIFIER = com.marcio.PopularMoviesTCATests;
				PRODUCT_NAME = "$(TARGET_NAME)";
				SWIFT_EMIT_LOC_STRINGS = NO;
				SWIFT_VERSION = 5.0;
				TARGETED_DEVICE_FAMILY = "1,2";
				TEST_HOST = "$(BUILT_PRODUCTS_DIR)/PopularMoviesTCA.app/$(BUNDLE_EXECUTABLE_FOLDER_PATH)/PopularMoviesTCA";
			};
			name = Debug;
		};
		363D68E22A6575790035C4E4 /* Release */ = {
			isa = XCBuildConfiguration;
			buildSettings = {
				ALWAYS_EMBED_SWIFT_STANDARD_LIBRARIES = YES;
				BUNDLE_LOADER = "$(TEST_HOST)";
				CODE_SIGN_STYLE = Automatic;
				CURRENT_PROJECT_VERSION = 1;
				GENERATE_INFOPLIST_FILE = YES;
				IPHONEOS_DEPLOYMENT_TARGET = 16.4;
				MARKETING_VERSION = 1.0;
				PRODUCT_BUNDLE_IDENTIFIER = com.marcio.PopularMoviesTCATests;
				PRODUCT_NAME = "$(TARGET_NAME)";
				SWIFT_EMIT_LOC_STRINGS = NO;
				SWIFT_VERSION = 5.0;
				TARGETED_DEVICE_FAMILY = "1,2";
				TEST_HOST = "$(BUILT_PRODUCTS_DIR)/PopularMoviesTCA.app/$(BUNDLE_EXECUTABLE_FOLDER_PATH)/PopularMoviesTCA";
			};
			name = Release;
		};
		363D68E42A6575790035C4E4 /* Debug */ = {
			isa = XCBuildConfiguration;
			buildSettings = {
				ALWAYS_EMBED_SWIFT_STANDARD_LIBRARIES = YES;
				CODE_SIGN_STYLE = Automatic;
				CURRENT_PROJECT_VERSION = 1;
				GENERATE_INFOPLIST_FILE = YES;
				MARKETING_VERSION = 1.0;
				PRODUCT_BUNDLE_IDENTIFIER = com.marcio.PopularMoviesTCAUITests;
				PRODUCT_NAME = "$(TARGET_NAME)";
				SWIFT_EMIT_LOC_STRINGS = NO;
				SWIFT_VERSION = 5.0;
				TARGETED_DEVICE_FAMILY = "1,2";
				TEST_TARGET_NAME = PopularMoviesTCA;
			};
			name = Debug;
		};
		363D68E52A6575790035C4E4 /* Release */ = {
			isa = XCBuildConfiguration;
			buildSettings = {
				ALWAYS_EMBED_SWIFT_STANDARD_LIBRARIES = YES;
				CODE_SIGN_STYLE = Automatic;
				CURRENT_PROJECT_VERSION = 1;
				GENERATE_INFOPLIST_FILE = YES;
				MARKETING_VERSION = 1.0;
				PRODUCT_BUNDLE_IDENTIFIER = com.marcio.PopularMoviesTCAUITests;
				PRODUCT_NAME = "$(TARGET_NAME)";
				SWIFT_EMIT_LOC_STRINGS = NO;
				SWIFT_VERSION = 5.0;
				TARGETED_DEVICE_FAMILY = "1,2";
				TEST_TARGET_NAME = PopularMoviesTCA;
			};
			name = Release;
		};
/* End XCBuildConfiguration section */

/* Begin XCConfigurationList section */
		363D68B42A6575780035C4E4 /* Build configuration list for PBXProject "PopularMoviesTCA" */ = {
			isa = XCConfigurationList;
			buildConfigurations = (
				363D68DB2A6575790035C4E4 /* Debug */,
				363D68DC2A6575790035C4E4 /* Release */,
			);
			defaultConfigurationIsVisible = 0;
			defaultConfigurationName = Release;
		};
		363D68DD2A6575790035C4E4 /* Build configuration list for PBXNativeTarget "PopularMoviesTCA" */ = {
			isa = XCConfigurationList;
			buildConfigurations = (
				363D68DE2A6575790035C4E4 /* Debug */,
				363D68DF2A6575790035C4E4 /* Release */,
			);
			defaultConfigurationIsVisible = 0;
			defaultConfigurationName = Release;
		};
		363D68E02A6575790035C4E4 /* Build configuration list for PBXNativeTarget "PopularMoviesTCATests" */ = {
			isa = XCConfigurationList;
			buildConfigurations = (
				363D68E12A6575790035C4E4 /* Debug */,
				363D68E22A6575790035C4E4 /* Release */,
			);
			defaultConfigurationIsVisible = 0;
			defaultConfigurationName = Release;
		};
		363D68E32A6575790035C4E4 /* Build configuration list for PBXNativeTarget "PopularMoviesTCAUITests" */ = {
			isa = XCConfigurationList;
			buildConfigurations = (
				363D68E42A6575790035C4E4 /* Debug */,
				363D68E52A6575790035C4E4 /* Release */,
			);
			defaultConfigurationIsVisible = 0;
			defaultConfigurationName = Release;
		};
/* End XCConfigurationList section */

/* Begin XCRemoteSwiftPackageReference section */
		363D68E62A6577300035C4E4 /* XCRemoteSwiftPackageReference "swift-composable-architecture" */ = {
			isa = XCRemoteSwiftPackageReference;
			repositoryURL = "https://github.com/pointfreeco/swift-composable-architecture";
			requirement = {
				kind = upToNextMajorVersion;
				minimumVersion = 0.55.1;
			};
		};
/* End XCRemoteSwiftPackageReference section */

/* Begin XCSwiftPackageProductDependency section */
		363D68E72A6577300035C4E4 /* ComposableArchitecture */ = {
			isa = XCSwiftPackageProductDependency;
			package = 363D68E62A6577300035C4E4 /* XCRemoteSwiftPackageReference "swift-composable-architecture" */;
			productName = ComposableArchitecture;
		};
/* End XCSwiftPackageProductDependency section */
	};
	rootObject = 363D68B12A6575780035C4E4 /* Project object */;
}
